
Microsoft Visual Studio Solution File, Format Version 12.00
# Visual Studio Version 16
VisualStudioVersion = 16.0.30804.86
MinimumVisualStudioVersion = 10.0.40219.1
Project("{FAE04EC0-301F-11D3-BF4B-00C04F79EFBC}") = "GameName.Demo", "GameName.Demo\GameName.Demo.csproj", "{B9924259-A19D-4B26-8E8D-E6670D5D70DB}"
EndProject
Global
	GlobalSection(SolutionConfigurationPlatforms) = preSolution
		Debug|Any CPU = Debug|Any CPU
		Release|Any CPU = Release|Any CPU
	EndGlobalSection
	GlobalSection(ProjectConfigurationPlatforms) = postSolution
		{B9924259-A19D-4B26-8E8D-E6670D5D70DB}.Debug|Any CPU.ActiveCfg = Debug|Any CPU
		{B9924259-A19D-4B26-8E8D-E6670D5D70DB}.Debug|Any CPU.Build.0 = Debug|Any CPU
		{B9924259-A19D-4B26-8E8D-E6670D5D70DB}.Release|Any CPU.ActiveCfg = Release|Any CPU
		{B9924259-A19D-4B26-8E8D-E6670D5D70DB}.Release|Any CPU.Build.0 = Release|Any CPU
	EndGlobalSection
	GlobalSection(SolutionProperties) = preSolution
		HideSolutionNode = FALSE
	EndGlobalSection
	GlobalSection(ExtensibilityGlobals) = postSolution
		SolutionGuid = {0098C042-4E8A-4496-8C8D-F0A8C48E8188}
	EndGlobalSection
EndGlobal
